dependencies:
- name: rengine-apiserver
  repository: file://charts/rengine-apiserver
  version: 1.0.0
- name: rengine-executor
  repository: file://charts/rengine-executor
  version: 1.0.0
- name: rengine-controller
  repository: file://charts/rengine-controller
  version: 1.0.0
- name: jaeger
  repository: https://jaegertracing.github.io/helm-charts
  version: 0.57.1
- name: jaeger-operator
  repository: https://jaegertracing.github.io/helm-charts
  version: 2.33.0
- name: zookeeper
  repository: https://charts.bitnami.com/bitnami
  version: 10.0.9
- name: kafka
  repository: https://charts.bitnami.com/bitnami
  version: 18.0.8
- name: redis
  repository: https://charts.bitnami.com/bitnami
  version: 17.0.11
- name: mysql
  repository: https://charts.bitnami.com/bitnami
  version: 9.2.6
- name: mongodb
  repository: https://charts.bitnami.com/bitnami
  version: 12.1.31
- name: minio
  repository: https://charts.bitnami.com/bitnami
  version: 11.7.19
digest: sha256:ac94eb2965b5d78e0bcdad1dd3dc4c5539d0144582a66c07eab43a93b774ed6f
generated: "2023-04-13T00:11:27.952024417+08:00"
