dependencies:
- name: apiserver
  repository: file://charts/apiserver
  version: 1.0.0
- name: executor
  repository: file://charts/executor
  version: 1.0.0
- name: controller
  repository: file://charts/controller
  version: 1.0.0
- name: ui
  repository: file://charts/ui
  version: 1.0.0
- name: jaeger
  repository: https://jaegertracing.github.io/helm-charts
  version: 0.57.1
- name: zookeeper
  repository: https://charts.bitnami.com/bitnami
  version: 10.0.9
- name: kafka
  repository: https://charts.bitnami.com/bitnami
  version: 18.0.8
- name: redis-cluster
  repository: https://charts.bitnami.com/bitnami
  version: 8.4.4
- name: mongodb
  repository: https://charts.bitnami.com/bitnami
  version: 12.1.31
- name: mongodb-sharded
  repository: https://charts.bitnami.com/bitnami
  version: 6.3.3
- name: minio
  repository: https://charts.bitnami.com/bitnami
  version: 11.7.19
digest: sha256:f7788016a3bd8863fd081377de7c934a537cc02dda4292192b0f84a07cfc803c
generated: "2023-04-18T13:19:39.592625267+08:00"
