dependencies:
- name: rengine-apiserver
  repository: file://charts/rengine-apiserver
  version: 1.0.0
- name: rengine-executor
  repository: file://charts/rengine-executor
  version: 1.0.0
- name: rengine-controller
  repository: file://charts/rengine-controller
  version: 1.0.0
- name: rengine-ui
  repository: file://charts/rengine-ui
  version: 1.0.0
- name: jaeger
  repository: https://jaegertracing.github.io/helm-charts
  version: 0.57.1
- name: zookeeper
  repository: https://charts.bitnami.com/bitnami
  version: 10.0.9
- name: kafka
  repository: https://charts.bitnami.com/bitnami
  version: 18.0.8
- name: redis-cluster
  repository: https://charts.bitnami.com/bitnami
  version: 8.4.3
- name: mongodb
  repository: https://charts.bitnami.com/bitnami
  version: 12.1.31
- name: mongodb-sharded
  repository: https://charts.bitnami.com/bitnami
  version: 6.3.3
- name: minio
  repository: https://charts.bitnami.com/bitnami
  version: 11.7.19
digest: sha256:1d4be5b6c4e9857f3486e3a0eb4fe1b8cfd2b752de0aabc4a4563710ef8a222b
generated: "2023-04-17T00:20:10.455325243+08:00"
